
Microsoft Visual Studio Solution File, Format Version 12.00
# Visual Studio 15
VisualStudioVersion = 15.0.27703.2035
MinimumVisualStudioVersion = 10.0.40219.1
Project("{FAE04EC0-301F-11D3-BF4B-00C04F79EFBC}") = "NetFramework", "NetFramework\NetFramework.csproj", "{B68AE416-74C6-48C4-8620-3D38BC3C89DB}"
EndProject
Project("{FAE04EC0-301F-11D3-BF4B-00C04F79EFBC}") = "Tests", "Tests\Tests.csproj", "{643DA5E6-69CB-42DF-A65D-A9C7105BE31D}"
EndProject
Global
	GlobalSection(SolutionConfigurationPlatforms) = preSolution
		Debug|Any CPU = Debug|Any CPU
		Release|Any CPU = Release|Any CPU
	EndGlobalSection
	GlobalSection(ProjectConfigurationPlatforms) = postSolution
		{B68AE416-74C6-48C4-8620-3D38BC3C89DB}.Debug|Any CPU.ActiveCfg = Debug|Any CPU
		{B68AE416-74C6-48C4-8620-3D38BC3C89DB}.Debug|Any CPU.Build.0 = Debug|Any CPU
		{B68AE416-74C6-48C4-8620-3D38BC3C89DB}.Release|Any CPU.ActiveCfg = Release|Any CPU
		{B68AE416-74C6-48C4-8620-3D38BC3C89DB}.Release|Any CPU.Build.0 = Release|Any CPU
		{643DA5E6-69CB-42DF-A65D-A9C7105BE31D}.Debug|Any CPU.ActiveCfg = Debug|Any CPU
		{643DA5E6-69CB-42DF-A65D-A9C7105BE31D}.Debug|Any CPU.Build.0 = Debug|Any CPU
		{643DA5E6-69CB-42DF-A65D-A9C7105BE31D}.Release|Any CPU.ActiveCfg = Release|Any CPU
		{643DA5E6-69CB-42DF-A65D-A9C7105BE31D}.Release|Any CPU.Build.0 = Release|Any CPU
	EndGlobalSection
	GlobalSection(SolutionProperties) = preSolution
		HideSolutionNode = FALSE
	EndGlobalSection
	GlobalSection(ExtensibilityGlobals) = postSolution
		SolutionGuid = {5172B8E9-9DC1-4385-853E-B1BD23FB8EC9}
	EndGlobalSection
EndGlobal
